github.com/emicklei/dgraph-parser v0.1.0 h1:I1qqbzS+s9ThF5+T+GP2ddVC6A6/uJrvh3Gf9EgpiEM=
github.com/emicklei/dgraph-parser v0.1.0/go.mod h1:0nRPXVDs6chB/OnWzua/6izXHnMLpoS7Ry2OxTmQHWE=
github.com/emicklei/dgraph-parser v0.2.0 h1:Y4IEkdN2svFiyMBtkFnaaesmFpZAlJqg0Fq7cr7d4nw=
github.com/emicklei/dgraph-parser v0.2.0/go.mod h1:0nRPXVDs6chB/OnWzua/6izXHnMLpoS7Ry2OxTmQHWE=
